
Microsoft Visual Studio Solution File, Format Version 12.00
# Visual Studio Version 16
VisualStudioVersion = 16.0.31112.23
MinimumVisualStudioVersion = 10.0.40219.1
Project("{FAE04EC0-301F-11D3-BF4B-00C04F79EFBC}") = "Exchange Currency Static", "Exchange Currency Static\Exchange Currency Static.csproj", "{9E0373C9-757C-4AE4-9141-FE37711EC598}"
EndProject
Global
	GlobalSection(SolutionConfigurationPlatforms) = preSolution
		Debug|Any CPU = Debug|Any CPU
		Release|Any CPU = Release|Any CPU
	EndGlobalSection
	GlobalSection(ProjectConfigurationPlatforms) = postSolution
		{9E0373C9-757C-4AE4-9141-FE37711EC598}.Debug|Any CPU.ActiveCfg = Debug|Any CPU
		{9E0373C9-757C-4AE4-9141-FE37711EC598}.Debug|Any CPU.Build.0 = Debug|Any CPU
		{9E0373C9-757C-4AE4-9141-FE37711EC598}.Release|Any CPU.ActiveCfg = Release|Any CPU
		{9E0373C9-757C-4AE4-9141-FE37711EC598}.Release|Any CPU.Build.0 = Release|Any CPU
	EndGlobalSection
	GlobalSection(SolutionProperties) = preSolution
		HideSolutionNode = FALSE
	EndGlobalSection
	GlobalSection(ExtensibilityGlobals) = postSolution
		SolutionGuid = {6E68450D-48D4-4F15-8FFC-B4A5A7203B25}
	EndGlobalSection
EndGlobal
